
Microsoft Visual Studio Solution File, Format Version 12.00
# Visual Studio Version 17
VisualStudioVersion = 17.5.33502.453
MinimumVisualStudioVersion = 10.0.40219.1
Project("{8BC9CEB8-8B4A-11D0-8D11-00A0C91BC942}") = "String", "String\String.vcxproj", "{0BD3640B-5048-499A-A3EF-C959B7CB508E}"
EndProject
Global
	GlobalSection(SolutionConfigurationPlatforms) = preSolution
		Debug|x64 = Debug|x64
		Debug|x86 = Debug|x86
		Release|x64 = Release|x64
		Release|x86 = Release|x86
	EndGlobalSection
	GlobalSection(ProjectConfigurationPlatforms) = postSolution
		{0BD3640B-5048-499A-A3EF-C959B7CB508E}.Debug|x64.ActiveCfg = Debug|x64
		{0BD3640B-5048-499A-A3EF-C959B7CB508E}.Debug|x64.Build.0 = Debug|x64
		{0BD3640B-5048-499A-A3EF-C959B7CB508E}.Debug|x86.ActiveCfg = Debug|Win32
		{0BD3640B-5048-499A-A3EF-C959B7CB508E}.Debug|x86.Build.0 = Debug|Win32
		{0BD3640B-5048-499A-A3EF-C959B7CB508E}.Release|x64.ActiveCfg = Release|x64
		{0BD3640B-5048-499A-A3EF-C959B7CB508E}.Release|x64.Build.0 = Release|x64
		{0BD3640B-5048-499A-A3EF-C959B7CB508E}.Release|x86.ActiveCfg = Release|Win32
		{0BD3640B-5048-499A-A3EF-C959B7CB508E}.Release|x86.Build.0 = Release|Win32
	EndGlobalSection
	GlobalSection(SolutionProperties) = preSolution
		HideSolutionNode = FALSE
	EndGlobalSection
	GlobalSection(ExtensibilityGlobals) = postSolution
		SolutionGuid = {DBFAA7E4-10C8-45D0-9306-FAC5CB820CC2}
	EndGlobalSection
EndGlobal
